
Microsoft Visual Studio Solution File, Format Version 12.00
# Visual Studio Version 17
VisualStudioVersion = 17.13.35931.197 d17.13
MinimumVisualStudioVersion = 10.0.40219.1
Project("{FAE04EC0-301F-11D3-BF4B-00C04F79EFBC}") = "MatrizRevisão", "MatrizRevisão\MatrizRevisão.csproj", "{EEE81454-A698-445A-B7FF-BDA053C65AB4}"
EndProject
Global
	GlobalSection(SolutionConfigurationPlatforms) = preSolution
		Debug|Any CPU = Debug|Any CPU
		Release|Any CPU = Release|Any CPU
	EndGlobalSection
	GlobalSection(ProjectConfigurationPlatforms) = postSolution
		{EEE81454-A698-445A-B7FF-BDA053C65AB4}.Debug|Any CPU.ActiveCfg = Debug|Any CPU
		{EEE81454-A698-445A-B7FF-BDA053C65AB4}.Debug|Any CPU.Build.0 = Debug|Any CPU
		{EEE81454-A698-445A-B7FF-BDA053C65AB4}.Release|Any CPU.ActiveCfg = Release|Any CPU
		{EEE81454-A698-445A-B7FF-BDA053C65AB4}.Release|Any CPU.Build.0 = Release|Any CPU
	EndGlobalSection
	GlobalSection(SolutionProperties) = preSolution
		HideSolutionNode = FALSE
	EndGlobalSection
	GlobalSection(ExtensibilityGlobals) = postSolution
		SolutionGuid = {CF4D6F45-C548-4BB0-8E73-9A4ADBCE23D6}
	EndGlobalSection
EndGlobal
