
Microsoft Visual Studio Solution File, Format Version 12.00
# Visual Studio Version 17
VisualStudioVersion = 17.13.35828.75 d17.13
MinimumVisualStudioVersion = 10.0.40219.1
Project("{FAE04EC0-301F-11D3-BF4B-00C04F79EFBC}") = "MaiorNum", "MaiorNum\MaiorNum.csproj", "{BC0ADCC5-E2F3-4270-BE81-507E2F03C4AB}"
EndProject
Global
	GlobalSection(SolutionConfigurationPlatforms) = preSolution
		Debug|Any CPU = Debug|Any CPU
		Release|Any CPU = Release|Any CPU
	EndGlobalSection
	GlobalSection(ProjectConfigurationPlatforms) = postSolution
		{BC0ADCC5-E2F3-4270-BE81-507E2F03C4AB}.Debug|Any CPU.ActiveCfg = Debug|Any CPU
		{BC0ADCC5-E2F3-4270-BE81-507E2F03C4AB}.Debug|Any CPU.Build.0 = Debug|Any CPU
		{BC0ADCC5-E2F3-4270-BE81-507E2F03C4AB}.Release|Any CPU.ActiveCfg = Release|Any CPU
		{BC0ADCC5-E2F3-4270-BE81-507E2F03C4AB}.Release|Any CPU.Build.0 = Release|Any CPU
	EndGlobalSection
	GlobalSection(SolutionProperties) = preSolution
		HideSolutionNode = FALSE
	EndGlobalSection
	GlobalSection(ExtensibilityGlobals) = postSolution
		SolutionGuid = {377B9733-F63F-413F-83A9-AA1DBEF45D71}
	EndGlobalSection
EndGlobal
