
Microsoft Visual Studio Solution File, Format Version 12.00
# Visual Studio Version 17
VisualStudioVersion = 17.13.35931.197 d17.13
MinimumVisualStudioVersion = 10.0.40219.1
Project("{FAE04EC0-301F-11D3-BF4B-00C04F79EFBC}") = "Vetor8Numeros", "Vetor8Numeros\Vetor8Numeros.csproj", "{377195AE-975B-4719-999C-8E238EDF764F}"
EndProject
Global
	GlobalSection(SolutionConfigurationPlatforms) = preSolution
		Debug|Any CPU = Debug|Any CPU
		Release|Any CPU = Release|Any CPU
	EndGlobalSection
	GlobalSection(ProjectConfigurationPlatforms) = postSolution
		{377195AE-975B-4719-999C-8E238EDF764F}.Debug|Any CPU.ActiveCfg = Debug|Any CPU
		{377195AE-975B-4719-999C-8E238EDF764F}.Debug|Any CPU.Build.0 = Debug|Any CPU
		{377195AE-975B-4719-999C-8E238EDF764F}.Release|Any CPU.ActiveCfg = Release|Any CPU
		{377195AE-975B-4719-999C-8E238EDF764F}.Release|Any CPU.Build.0 = Release|Any CPU
	EndGlobalSection
	GlobalSection(SolutionProperties) = preSolution
		HideSolutionNode = FALSE
	EndGlobalSection
	GlobalSection(ExtensibilityGlobals) = postSolution
		SolutionGuid = {F9732FD8-1D16-4CCB-A2EB-1AE1ECFC7984}
	EndGlobalSection
EndGlobal
