
Microsoft Visual Studio Solution File, Format Version 12.00
# Visual Studio Version 17
VisualStudioVersion = 17.13.35828.75 d17.13
MinimumVisualStudioVersion = 10.0.40219.1
Project("{FAE04EC0-301F-11D3-BF4B-00C04F79EFBC}") = "TratamentoExcessao.Pessoal", "TratamentoExcessao.Pessoal\TratamentoExcessao.Pessoal.csproj", "{7D525190-00C1-446A-9D52-3B19602CC066}"
EndProject
Global
	GlobalSection(SolutionConfigurationPlatforms) = preSolution
		Debug|Any CPU = Debug|Any CPU
		Release|Any CPU = Release|Any CPU
	EndGlobalSection
	GlobalSection(ProjectConfigurationPlatforms) = postSolution
		{7D525190-00C1-446A-9D52-3B19602CC066}.Debug|Any CPU.ActiveCfg = Debug|Any CPU
		{7D525190-00C1-446A-9D52-3B19602CC066}.Debug|Any CPU.Build.0 = Debug|Any CPU
		{7D525190-00C1-446A-9D52-3B19602CC066}.Release|Any CPU.ActiveCfg = Release|Any CPU
		{7D525190-00C1-446A-9D52-3B19602CC066}.Release|Any CPU.Build.0 = Release|Any CPU
	EndGlobalSection
	GlobalSection(SolutionProperties) = preSolution
		HideSolutionNode = FALSE
	EndGlobalSection
	GlobalSection(ExtensibilityGlobals) = postSolution
		SolutionGuid = {AC0C5D4F-33BF-4DBB-8F3E-9E7EDCB345C1}
	EndGlobalSection
EndGlobal
